<?xml version="1.0" encoding="utf-8"?>
<Project ToolsVersion="17.0" xmlns="http://schemas.microsoft.com/developer/msbuild/2003">
  <ItemGroup>
    <ClCompile Include="D:\Gitee\EVERLASTING\Engine\Gmm\gmmRAnimation.cpp">
      <Filter>Source Files</Filter>
    </ClCompile>
    <ClCompile Include="D:\Gitee\EVERLASTING\Engine\Gmm\gmmRCamera.cpp">
      <Filter>Source Files</Filter>
    </ClCompile>
    <ClCompile Include="D:\Gitee\EVERLASTING\Engine\Gmm\gmmRLight.cpp">
      <Filter>Source Files</Filter>
    </ClCompile>
    <ClCompile Include="D:\Gitee\EVERLASTING\Engine\Gmm\gmmRMesh.cpp">
      <Filter>Source Files</Filter>
    </ClCompile>
    <ClCompile Include="D:\Gitee\EVERLASTING\Engine\Gmm\gmmRNode.cpp">
      <Filter>Source Files</Filter>
    </ClCompile>
    <ClCompile Include="D:\Gitee\EVERLASTING\Engine\Gmm\ReaderWriterGMM.cpp">
      <Filter>Source Files</Filter>
    </ClCompile>
    <ClCompile Include="D:\Gitee\EVERLASTING\Engine\Gmm\WriterCompareTriangle.cpp">
      <Filter>Source Files</Filter>
    </ClCompile>
    <ClCompile Include="D:\Gitee\EVERLASTING\Engine\Gmm\WriterNodeVisitor.cpp">
      <Filter>Source Files</Filter>
    </ClCompile>
    <ClCompile Include="D:\Gitee\EVERLASTING\Engine\Gmm\gmmMaterialToOsgStateSet.cpp">
      <Filter>Source Files</Filter>
    </ClCompile>
    <ClCompile Include="GMSoftBone.cpp">
      <Filter>Source Files</Filter>
    </ClCompile>
    <ClCompile Include="GMSoftRigGeometry.cpp">
      <Filter>Source Files</Filter>
    </ClCompile>
    <ClCompile Include="GMSoftSkeleton.cpp">
      <Filter>Source Files</Filter>
    </ClCompile>
    <ClCompile Include="UpdateSoftBone.cpp">
      <Filter>Source Files</Filter>
    </ClCompile>
    <ClCompile Include="GMSoftRigTransformSoftware.cpp">
      <Filter>Source Files</Filter>
    </ClCompile>
    <ClCompile Include="SoftBoneMapVisitor.cpp">
      <Filter>Source Files</Filter>
    </ClCompile>
    <ClCompile Include="SoftVertexInfluence.cpp">
      <Filter>Source Files</Filter>
    </ClCompile>
  </ItemGroup>
  <ItemGroup>
    <ClInclude Include="D:\Gitee\EVERLASTING\Engine\Gmm\gmmMaterialToOsgStateSet.h">
      <Filter>Header Files</Filter>
    </ClInclude>
    <ClInclude Include="D:\Gitee\EVERLASTING\Engine\Gmm\gmmReader.h">
      <Filter>Header Files</Filter>
    </ClInclude>
    <ClInclude Include="D:\Gitee\EVERLASTING\Engine\Gmm\ReaderWriterGMM.h">
      <Filter>Header Files</Filter>
    </ClInclude>
    <ClInclude Include="D:\Gitee\EVERLASTING\Engine\Gmm\WriterCompareTriangle.h">
      <Filter>Header Files</Filter>
    </ClInclude>
    <ClInclude Include="D:\Gitee\EVERLASTING\Engine\Gmm\WriterNodeVisitor.h">
      <Filter>Header Files</Filter>
    </ClInclude>
    <ClInclude Include="GMSoftSkeleton.h">
      <Filter>Header Files</Filter>
    </ClInclude>
    <ClInclude Include="GMSoftBone.h">
      <Filter>Header Files</Filter>
    </ClInclude>
    <ClInclude Include="GMSoftRigGeometry.h">
      <Filter>Header Files</Filter>
    </ClInclude>
    <ClInclude Include="UpdateSoftBone.h">
      <Filter>Header Files</Filter>
    </ClInclude>
    <ClInclude Include="GMSoftRigTransformSoftware.h">
      <Filter>Header Files</Filter>
    </ClInclude>
    <ClInclude Include="SoftBoneMapVisitor.h">
      <Filter>Header Files</Filter>
    </ClInclude>
    <ClInclude Include="SoftVertexInfluence.h">
      <Filter>Header Files</Filter>
    </ClInclude>
    <ClInclude Include="GMSoftRigTransform.h">
      <Filter>Header Files</Filter>
    </ClInclude>
  </ItemGroup>
  <ItemGroup>
    <CustomBuild Include="D:\Gitee\EVERLASTING\Engine\Gmm\CMakeLists.txt" />
  </ItemGroup>
  <ItemGroup>
    <ResourceCompile Include="D:\Gitee\EVERLASTING\OSG\PlatformSpecifics\Windows\OpenSceneGraphVersionInfo.rc">
      <Filter>Source Files</Filter>
    </ResourceCompile>
  </ItemGroup>
  <ItemGroup>
    <Filter Include="Header Files">
      <UniqueIdentifier>{C88E639A-8533-3AB1-A98F-055A93D57BD4}</UniqueIdentifier>
    </Filter>
    <Filter Include="Source Files">
      <UniqueIdentifier>{3681CFC8-D452-38AC-BE23-4158378D6739}</UniqueIdentifier>
    </Filter>
  </ItemGroup>
</Project>