<?xml version="1.0" encoding="utf-8"?>
<Project ToolsVersion="17.0" xmlns="http://schemas.microsoft.com/developer/msbuild/2003">
  <ItemGroup>
    <ClCompile Include="Animation\StackedSoftElement.cpp">
      <Filter>Animation</Filter>
    </ClCompile>
    <ClCompile Include="Animation\UpdateSoftBone.cpp">
      <Filter>Animation</Filter>
    </ClCompile>
    <ClCompile Include="gmmMaterialToOsgStateSet.cpp">
      <Filter>Source Files</Filter>
    </ClCompile>
    <ClCompile Include="gmmRAnimation.cpp">
      <Filter>Source Files</Filter>
    </ClCompile>
    <ClCompile Include="gmmRCamera.cpp">
      <Filter>Source Files</Filter>
    </ClCompile>
    <ClCompile Include="gmmRLight.cpp">
      <Filter>Source Files</Filter>
    </ClCompile>
    <ClCompile Include="gmmRMesh.cpp">
      <Filter>Source Files</Filter>
    </ClCompile>
    <ClCompile Include="gmmRNode.cpp">
      <Filter>Source Files</Filter>
    </ClCompile>
    <ClCompile Include="ReaderWriterGMM.cpp">
      <Filter>Source Files</Filter>
    </ClCompile>
    <ClCompile Include="WriterCompareTriangle.cpp">
      <Filter>Source Files</Filter>
    </ClCompile>
    <ClCompile Include="WriterNodeVisitor.cpp">
      <Filter>Source Files</Filter>
    </ClCompile>
  </ItemGroup>
  <ItemGroup>
    <ClInclude Include="Animation\StackedSoftElement.h">
      <Filter>Animation</Filter>
    </ClInclude>
    <ClInclude Include="Animation\UpdateSoftBone.h">
      <Filter>Animation</Filter>
    </ClInclude>
    <ClInclude Include="gmmMaterialToOsgStateSet.h">
      <Filter>Header Files</Filter>
    </ClInclude>
    <ClInclude Include="gmmReader.h">
      <Filter>Header Files</Filter>
    </ClInclude>
    <ClInclude Include="ReaderWriterGMM.h">
      <Filter>Header Files</Filter>
    </ClInclude>
    <ClInclude Include="WriterCompareTriangle.h">
      <Filter>Header Files</Filter>
    </ClInclude>
    <ClInclude Include="WriterNodeVisitor.h">
      <Filter>Header Files</Filter>
    </ClInclude>
  </ItemGroup>
  <ItemGroup>
    <Filter Include="Header Files">
      <UniqueIdentifier>{C88E639A-8533-3AB1-A98F-055A93D57BD4}</UniqueIdentifier>
    </Filter>
    <Filter Include="Source Files">
      <UniqueIdentifier>{3681CFC8-D452-38AC-BE23-4158378D6739}</UniqueIdentifier>
    </Filter>
    <Filter Include="Animation">
      <UniqueIdentifier>{53ee1a8b-3dbc-4c8d-a1df-cbcf782f8766}</UniqueIdentifier>
    </Filter>
  </ItemGroup>
  <ItemGroup>
    <ResourceCompile Include="$(SolutionDir)OSG\PlatformSpecifics\Windows\OpenSceneGraphVersionInfo.rc">
      <Filter>Source Files</Filter>
    </ResourceCompile>
  </ItemGroup>
</Project>